
Microsoft Visual Studio Solution File, Format Version 12.00
# Visual Studio Version 16
VisualStudioVersion = 16.0.29306.81
MinimumVisualStudioVersion = 10.0.40219.1
Project("{FAE04EC0-301F-11D3-BF4B-00C04F79EFBC}") = "CustomControls", "CustomControls.csproj", "{7893826A-F067-4204-9624-4EE854F85CFF}"
EndProject
Project("{FAE04EC0-301F-11D3-BF4B-00C04F79EFBC}") = "WindowsFormsApp1", "..\WindowsFormsApp1\WindowsFormsApp1.csproj", "{011329A2-4F69-4326-8ECC-DEF146B742C1}"
EndProject
Global
	GlobalSection(SolutionConfigurationPlatforms) = preSolution
		Debug|Any CPU = Debug|Any CPU
		Release|Any CPU = Release|Any CPU
	EndGlobalSection
	GlobalSection(ProjectConfigurationPlatforms) = postSolution
		{7893826A-F067-4204-9624-4EE854F85CFF}.Debug|Any CPU.ActiveCfg = Debug|Any CPU
		{7893826A-F067-4204-9624-4EE854F85CFF}.Debug|Any CPU.Build.0 = Debug|Any CPU
		{7893826A-F067-4204-9624-4EE854F85CFF}.Release|Any CPU.ActiveCfg = Release|Any CPU
		{7893826A-F067-4204-9624-4EE854F85CFF}.Release|Any CPU.Build.0 = Release|Any CPU
		{011329A2-4F69-4326-8ECC-DEF146B742C1}.Debug|Any CPU.ActiveCfg = Debug|Any CPU
		{011329A2-4F69-4326-8ECC-DEF146B742C1}.Debug|Any CPU.Build.0 = Debug|Any CPU
		{011329A2-4F69-4326-8ECC-DEF146B742C1}.Release|Any CPU.ActiveCfg = Release|Any CPU
		{011329A2-4F69-4326-8ECC-DEF146B742C1}.Release|Any CPU.Build.0 = Release|Any CPU
	EndGlobalSection
	GlobalSection(SolutionProperties) = preSolution
		HideSolutionNode = FALSE
	EndGlobalSection
	GlobalSection(ExtensibilityGlobals) = postSolution
		SolutionGuid = {F7841BF9-A24C-48D7-8EA8-7757B0552F3E}
	EndGlobalSection
EndGlobal
